{
  "nodes": {
    "home-manager": {
      "inputs": {
        "nixpkgs": [
          "nixpkgs"
        ]
      },
      "locked": {
        "lastModified": 1748830238,
        "narHash": "sha256-EB+LzYHK0D5aqxZiYoPeoZoOzSAs8eqBDxm3R+6wMKU=",
        "owner": "nix-community",
        "repo": "home-manager",
        "rev": "c7fdb7e90bff1a51b79c1eed458fb39e6649a82a",
        "type": "github"
      },
      "original": {
        "owner": "nix-community",
        "repo": "home-manager",
        "type": "github"
      }
    },
    "home-manager_2": {
      "inputs": {
        "nixpkgs": [
          "zen-browser",
          "nixpkgs"
        ]
      },
      "locked": {
        "lastModified": 1743604125,
        "narHash": "sha256-ZD61DNbsBt1mQbinAaaEqKaJk2RFo9R/j+eYWeGMx7A=",
        "owner": "nix-community",
        "repo": "home-manager",
        "rev": "180fd43eea296e62ae68e079fcf56aba268b9a1a",
        "type": "github"
      },
      "original": {
        "owner": "nix-community",
        "repo": "home-manager",
        "type": "github"
      }
    },
    "nixpkgs": {
      "locked": {
        "lastModified": 1748708770,
        "narHash": "sha256-q8jG2HJWgooWa9H0iatZqBPF3bp0504e05MevFmnFLY=",
        "owner": "nixos",
        "repo": "nixpkgs",
        "rev": "a59eb7800787c926045d51b70982ae285faa2346",
        "type": "github"
      },
      "original": {
        "owner": "nixos",
        "ref": "nixos-25.05",
        "repo": "nixpkgs",
        "type": "github"
      }
    },
    "root": {
      "inputs": {
        "home-manager": "home-manager",
        "nixpkgs": "nixpkgs",
        "zen-browser": "zen-browser"
      }
    },
    "zen-browser": {
      "inputs": {
        "home-manager": "home-manager_2",
        "nixpkgs": [
          "nixpkgs"
        ]
      },
      "locked": {
        "lastModified": 1748834461,
        "narHash": "sha256-1OfK7Ec2EIqwf/EhNikMp8DcdOcQG1CBS5CK4cAPMjs=",
        "owner": "0xc000022070",
        "repo": "zen-browser-flake",
        "rev": "2527ce862b0a80c3c4bd87e6717c7ac0fee1c456",
        "type": "github"
      },
      "original": {
        "owner": "0xc000022070",
        "repo": "zen-browser-flake",
        "type": "github"
      }
    }
  },
  "root": "root",
  "version": 7
}
